
Microsoft Visual Studio Solution File, Format Version 12.00
# Visual Studio Version 17
VisualStudioVersion = 17.4.33205.214
MinimumVisualStudioVersion = 10.0.40219.1
Project("{9A19103F-16F7-4668-BE54-9A1E7A4F7556}") = "Mandara.TradeApiService", "Mandara.TradeApiService\Mandara.TradeApiService.csproj", "{993202A3-9FDB-427A-A9A7-8749CB78C15B}"
EndProject
Project("{FAE04EC0-301F-11D3-BF4B-00C04F79EFBC}") = "Mandara.TradeApiService.UnitTests", "Mandara.TradeApiService.UnitTests\Mandara.TradeApiService.UnitTests.csproj", "{C55ED310-9E8E-47E6-8D02-AC70B679A7F0}"
EndProject
Global
	GlobalSection(SolutionConfigurationPlatforms) = preSolution
		Debug|Any CPU = Debug|Any CPU
		Release|Any CPU = Release|Any CPU
	EndGlobalSection
	GlobalSection(ProjectConfigurationPlatforms) = postSolution
		{993202A3-9FDB-427A-A9A7-8749CB78C15B}.Debug|Any CPU.ActiveCfg = Debug|Any CPU
		{993202A3-9FDB-427A-A9A7-8749CB78C15B}.Debug|Any CPU.Build.0 = Debug|Any CPU
		{993202A3-9FDB-427A-A9A7-8749CB78C15B}.Release|Any CPU.ActiveCfg = Release|Any CPU
		{993202A3-9FDB-427A-A9A7-8749CB78C15B}.Release|Any CPU.Build.0 = Release|Any CPU
		{C55ED310-9E8E-47E6-8D02-AC70B679A7F0}.Debug|Any CPU.ActiveCfg = Debug|Any CPU
		{C55ED310-9E8E-47E6-8D02-AC70B679A7F0}.Debug|Any CPU.Build.0 = Debug|Any CPU
		{C55ED310-9E8E-47E6-8D02-AC70B679A7F0}.Release|Any CPU.ActiveCfg = Release|Any CPU
		{C55ED310-9E8E-47E6-8D02-AC70B679A7F0}.Release|Any CPU.Build.0 = Release|Any CPU
	EndGlobalSection
	GlobalSection(SolutionProperties) = preSolution
		HideSolutionNode = FALSE
	EndGlobalSection
	GlobalSection(ExtensibilityGlobals) = postSolution
		SolutionGuid = {893A8002-C9F7-49B1-B6B8-3D3490116215}
	EndGlobalSection
EndGlobal
