
Microsoft Visual Studio Solution File, Format Version 12.00
# Visual Studio Version 16
VisualStudioVersion = 16.0.31829.152
MinimumVisualStudioVersion = 10.0.40219.1
Project("{9A19103F-16F7-4668-BE54-9A1E7A4F7556}") = "Mandara.Business.2015", "Mandara.Business.2015\Mandara.Business.2015.csproj", "{24B97F71-285A-4053-B51F-3484D6F55E25}"
EndProject
Project("{9A19103F-16F7-4668-BE54-9A1E7A4F7556}") = "Mandara.Business.Client", "Mandara.Business.Client\Mandara.Business.Client.csproj", "{B29FD9C6-568F-4828-AB4A-5FA8E8805326}"
EndProject
Project("{FAE04EC0-301F-11D3-BF4B-00C04F79EFBC}") = "Mandara.ProductGUI", "Mandara.ProductGUI\Mandara.ProductGUI.csproj", "{2A69A9FB-FA34-42F5-9667-4D552F07A7B6}"
EndProject
Project("{FAE04EC0-301F-11D3-BF4B-00C04F79EFBC}") = "Mandara.ProductGUITests", "Mandara.ProductGUITests\Mandara.ProductGUITests.csproj", "{2F243149-0415-4606-8C30-D48F2B1E4171}"
EndProject
Project("{9A19103F-16F7-4668-BE54-9A1E7A4F7556}") = "Mandara.Proto.Encoder", "Mandara.Proto.Encoder\Mandara.Proto.Encoder.csproj", "{81E10983-1102-4E89-AAC3-64440F69096F}"
EndProject
Project("{9A19103F-16F7-4668-BE54-9A1E7A4F7556}") = "Mandara.Entities", "Mandara.Entities\Mandara.Entities.csproj", "{BA3F1539-BEBE-431D-BB07-4F1769719A08}"
EndProject
Global
	GlobalSection(SolutionConfigurationPlatforms) = preSolution
		Debug|x64 = Debug|x64
		Release|x64 = Release|x64
	EndGlobalSection
	GlobalSection(ProjectConfigurationPlatforms) = postSolution
		{24B97F71-285A-4053-B51F-3484D6F55E25}.Debug|x64.ActiveCfg = Debug|x64
		{24B97F71-285A-4053-B51F-3484D6F55E25}.Debug|x64.Build.0 = Debug|x64
		{24B97F71-285A-4053-B51F-3484D6F55E25}.Release|x64.ActiveCfg = Release|x64
		{24B97F71-285A-4053-B51F-3484D6F55E25}.Release|x64.Build.0 = Release|x64
		{B29FD9C6-568F-4828-AB4A-5FA8E8805326}.Debug|x64.ActiveCfg = Debug|x64
		{B29FD9C6-568F-4828-AB4A-5FA8E8805326}.Debug|x64.Build.0 = Debug|x64
		{B29FD9C6-568F-4828-AB4A-5FA8E8805326}.Release|x64.ActiveCfg = Release|x64
		{B29FD9C6-568F-4828-AB4A-5FA8E8805326}.Release|x64.Build.0 = Release|x64
		{2A69A9FB-FA34-42F5-9667-4D552F07A7B6}.Debug|x64.ActiveCfg = Debug|x64
		{2A69A9FB-FA34-42F5-9667-4D552F07A7B6}.Debug|x64.Build.0 = Debug|x64
		{2A69A9FB-FA34-42F5-9667-4D552F07A7B6}.Release|x64.ActiveCfg = Release|x64
		{2A69A9FB-FA34-42F5-9667-4D552F07A7B6}.Release|x64.Build.0 = Release|x64
		{2F243149-0415-4606-8C30-D48F2B1E4171}.Debug|x64.ActiveCfg = Debug|x64
		{2F243149-0415-4606-8C30-D48F2B1E4171}.Debug|x64.Build.0 = Debug|x64
		{2F243149-0415-4606-8C30-D48F2B1E4171}.Release|x64.ActiveCfg = Release|x64
		{2F243149-0415-4606-8C30-D48F2B1E4171}.Release|x64.Build.0 = Release|x64
		{81E10983-1102-4E89-AAC3-64440F69096F}.Debug|x64.ActiveCfg = Debug|x64
		{81E10983-1102-4E89-AAC3-64440F69096F}.Debug|x64.Build.0 = Debug|x64
		{81E10983-1102-4E89-AAC3-64440F69096F}.Release|x64.ActiveCfg = Release|x64
		{81E10983-1102-4E89-AAC3-64440F69096F}.Release|x64.Build.0 = Release|x64
		{BA3F1539-BEBE-431D-BB07-4F1769719A08}.Debug|x64.ActiveCfg = Debug|x64
		{BA3F1539-BEBE-431D-BB07-4F1769719A08}.Debug|x64.Build.0 = Debug|x64
		{BA3F1539-BEBE-431D-BB07-4F1769719A08}.Release|x64.ActiveCfg = Release|x64
		{BA3F1539-BEBE-431D-BB07-4F1769719A08}.Release|x64.Build.0 = Release|x64
	EndGlobalSection
	GlobalSection(SolutionProperties) = preSolution
		HideSolutionNode = FALSE
	EndGlobalSection
	GlobalSection(ExtensibilityGlobals) = postSolution
		SolutionGuid = {B067634C-60EC-4B1B-A6DB-A9C9DA5DE5DB}
	EndGlobalSection
EndGlobal
